
Microsoft Visual Studio Solution File, Format Version 12.00
# Visual Studio Version 17
VisualStudioVersion = 17.14.36414.22
MinimumVisualStudioVersion = 10.0.40219.1
Project("{2150E333-8FDC-42A3-9474-1A3956D46DE8}") = "Task0", "Task0", "{02EA681E-C7D8-13C7-8484-4AC65E1B71E8}"
EndProject
Project("{FAE04EC0-301F-11D3-BF4B-00C04F79EFBC}") = "Tyuiu.ZheleznyakDN.Sprint1.Task0.V14", "Tyuiu.ZheleznyakDN.Sprint1.Task0.V14\Tyuiu.ZheleznyakDN.Sprint1.Task0.V14.csproj", "{47131DA0-88B9-4436-8A41-0F11C0A0BD42}"
EndProject
Project("{FAE04EC0-301F-11D3-BF4B-00C04F79EFBC}") = "Tyuiu.ZheleznyakDN.Sprint1.Task0.V14.Lib", "Tyuiu.ZheleznyakDN.Sprint1.Task0.V14.Lib\Tyuiu.ZheleznyakDN.Sprint1.Task0.V14.Lib.csproj", "{B8B77959-68AC-405F-BBE6-CCA8056305BA}"
EndProject
Project("{FAE04EC0-301F-11D3-BF4B-00C04F79EFBC}") = "Tyuiu.ZheleznyakDN.Sprint1.Task0.V14.Test", "Tyuiu.ZheleznyakDN.Sprint1.Task0.V14.Test\Tyuiu.ZheleznyakDN.Sprint1.Task0.V14.Test.csproj", "{A3A55F5C-2EE6-4ADB-9ACF-18DCE9D4CF5A}"
EndProject
Project("{2150E333-8FDC-42A3-9474-1A3956D46DE8}") = "Task1", "Task1", "{E3AC69E3-396F-4BE9-B2C5-9D22329FE20A}"
EndProject
Project("{FAE04EC0-301F-11D3-BF4B-00C04F79EFBC}") = "Tyuiu.ZheleznyakDN.Sprint1.Task1.V16", "Tyuiu.ZheleznyakDN.Sprint1.Task1.V16\Tyuiu.ZheleznyakDN.Sprint1.Task1.V16.csproj", "{F0201EB7-D81F-4B7F-92C6-BF889A557F4D}"
EndProject
Project("{FAE04EC0-301F-11D3-BF4B-00C04F79EFBC}") = "Tyuiu.ZheleznyakDN.Sprint1.Task1.V16.Lib", "Tyuiu.ZheleznyakDN.Sprint1.Task1.V16.Lib\Tyuiu.ZheleznyakDN.Sprint1.Task1.V16.Lib.csproj", "{4F11D63A-6373-4644-BFC2-B834A2F1C0E9}"
EndProject
Project("{FAE04EC0-301F-11D3-BF4B-00C04F79EFBC}") = "Tyuiu.ZheleznyakDN.Sprint1.Task1.V16.Test", "Tyuiu.ZheleznyakDN.Sprint1.Task1.V16.Test\Tyuiu.ZheleznyakDN.Sprint1.Task1.V16.Test.csproj", "{E5260C1E-20B8-4723-881F-8D02C26AB349}"
EndProject
Project("{2150E333-8FDC-42A3-9474-1A3956D46DE8}") = "Task2", "Task2", "{46000D59-8E41-49B2-9FAB-2DDBC3E3A661}"
EndProject
Project("{FAE04EC0-301F-11D3-BF4B-00C04F79EFBC}") = "Tyuiu.ZheleznyakDN.Sprint1.Task2.V2", "Tyuiu.ZheleznyakDN.Sprint1.Task2.V2\Tyuiu.ZheleznyakDN.Sprint1.Task2.V2.csproj", "{3C36AFAF-9CC3-4D9B-9EF6-BB764D1EB7AC}"
EndProject
Project("{FAE04EC0-301F-11D3-BF4B-00C04F79EFBC}") = "Tyuiu.ZheleznyakDN.Sprint1.Task2.V2.Lib", "Tyuiu.ZheleznyakDN.Sprint1.Task2.V2.Lib\Tyuiu.ZheleznyakDN.Sprint1.Task2.V2.Lib.csproj", "{7C9A66FC-9826-4C75-BB4E-49E3CCF88B71}"
EndProject
Project("{FAE04EC0-301F-11D3-BF4B-00C04F79EFBC}") = "Tyuiu.ZheleznyakDN.Sprint1.Task2.V2.Test", "Tyuiu.ZheleznyakDN.Sprint1.Task2.V2.Test\Tyuiu.ZheleznyakDN.Sprint1.Task2.V2.Test.csproj", "{78D2D90B-F9E9-4673-A574-D0BA8229636E}"
EndProject
Project("{2150E333-8FDC-42A3-9474-1A3956D46DE8}") = "Task4", "Task4", "{B2578D13-E0C8-44C9-AB6E-0D44E0D7FEE7}"
EndProject
Project("{FAE04EC0-301F-11D3-BF4B-00C04F79EFBC}") = "Tyuiu.ZheleznyakDN.Sprint1.Task4.V15", "Tyuiu.ZheleznyakDN.Sprint1.Task4.V15\Tyuiu.ZheleznyakDN.Sprint1.Task4.V15.csproj", "{EEC57D7F-AACF-4DA7-B67D-6CC2726DF327}"
EndProject
Project("{FAE04EC0-301F-11D3-BF4B-00C04F79EFBC}") = "Tyuiu.ZheleznyakDN.Sprint1.Task4.V15.Test", "Tyuiu.ZheleznyakDN.Sprint1.Task4.V15.Test\Tyuiu.ZheleznyakDN.Sprint1.Task4.V15.Test.csproj", "{30C5FCB4-3DF3-43F2-B993-382DCED0F323}"
EndProject
Project("{FAE04EC0-301F-11D3-BF4B-00C04F79EFBC}") = "Tyuiu.ZheleznyakDN.Sprint1.Task4.V15.Lib", "Tyuiu.ZheleznyakDN.Sprint1.Task4.V15.Lib\Tyuiu.ZheleznyakDN.Sprint1.Task4.V15.Lib.csproj", "{87ECB9AD-2EBD-4F0A-89E2-08570BE98595}"
EndProject
Project("{2150E333-8FDC-42A3-9474-1A3956D46DE8}") = "Task5", "Task5", "{C3003368-D0A9-4A56-8393-C9635754CEFD}"
EndProject
Project("{FAE04EC0-301F-11D3-BF4B-00C04F79EFBC}") = "Tyuiu.ZheleznyakDN.Sprint1.Task5.V1", "Tyuiu.ZheleznyakDN.Sprint1.Task5.V1\Tyuiu.ZheleznyakDN.Sprint1.Task5.V1.csproj", "{B00720F1-B901-4287-ABFD-A490171B44B6}"
EndProject
Project("{FAE04EC0-301F-11D3-BF4B-00C04F79EFBC}") = "Tyuiu.ZheleznyakDN.Sprint1.Task5.V1.Lib", "Tyuiu.ZheleznyakDN.Sprint1.Task5.V1.Lib\Tyuiu.ZheleznyakDN.Sprint1.Task5.V1.Lib.csproj", "{8F0B8C26-28F9-4FC5-902B-CA422EBF2FE6}"
EndProject
Project("{FAE04EC0-301F-11D3-BF4B-00C04F79EFBC}") = "Tyuiu.ZheleznyakDN.Sprint1.Task5.V1.Test", "Tyuiu.ZheleznyakDN.Sprint1.Task5.V1.Test\Tyuiu.ZheleznyakDN.Sprint1.Task5.V1.Test.csproj", "{4C4DF321-ECE1-401C-8D33-CA6CA26C29D1}"
EndProject
Project("{2150E333-8FDC-42A3-9474-1A3956D46DE8}") = "Task6", "Task6", "{41EA5E34-C53E-49EE-9A0F-B34333AD82C3}"
EndProject
Project("{FAE04EC0-301F-11D3-BF4B-00C04F79EFBC}") = "Tyuiu.ZheleznyakDN.Sprint1.Task6.V5", "Tyuiu.ZheleznyakDN.Sprint1.Task6.V5\Tyuiu.ZheleznyakDN.Sprint1.Task6.V5.csproj", "{246E4361-14E2-4399-BFA6-4F943BB12205}"
EndProject
Project("{FAE04EC0-301F-11D3-BF4B-00C04F79EFBC}") = "Tyuiu.ZheleznyakDN.Sprint1.Task6.V5.Lib", "Tyuiu.ZheleznyakDN.Sprint1.Task6.V5.Lib\Tyuiu.ZheleznyakDN.Sprint1.Task6.V5.Lib.csproj", "{C399E1AF-BA4F-4BDD-8847-A4BED8592ADF}"
EndProject
Project("{FAE04EC0-301F-11D3-BF4B-00C04F79EFBC}") = "Tyuiu.ZheleznyakDN.Sprint1.Task6.V5.Test", "Tyuiu.ZheleznyakDN.Sprint1.Task6.V5.Test\Tyuiu.ZheleznyakDN.Sprint1.Task6.V5.Test.csproj", "{4414346A-92D9-48D0-866C-4F8EA5E478CC}"
EndProject
Global
	GlobalSection(SolutionConfigurationPlatforms) = preSolution
		Debug|Any CPU = Debug|Any CPU
		Release|Any CPU = Release|Any CPU
	EndGlobalSection
	GlobalSection(ProjectConfigurationPlatforms) = postSolution
		{47131DA0-88B9-4436-8A41-0F11C0A0BD42}.Debug|Any CPU.ActiveCfg = Debug|Any CPU
		{47131DA0-88B9-4436-8A41-0F11C0A0BD42}.Debug|Any CPU.Build.0 = Debug|Any CPU
		{47131DA0-88B9-4436-8A41-0F11C0A0BD42}.Release|Any CPU.ActiveCfg = Release|Any CPU
		{47131DA0-88B9-4436-8A41-0F11C0A0BD42}.Release|Any CPU.Build.0 = Release|Any CPU
		{B8B77959-68AC-405F-BBE6-CCA8056305BA}.Debug|Any CPU.ActiveCfg = Debug|Any CPU
		{B8B77959-68AC-405F-BBE6-CCA8056305BA}.Debug|Any CPU.Build.0 = Debug|Any CPU
		{B8B77959-68AC-405F-BBE6-CCA8056305BA}.Release|Any CPU.ActiveCfg = Release|Any CPU
		{B8B77959-68AC-405F-BBE6-CCA8056305BA}.Release|Any CPU.Build.0 = Release|Any CPU
		{A3A55F5C-2EE6-4ADB-9ACF-18DCE9D4CF5A}.Debug|Any CPU.ActiveCfg = Debug|Any CPU
		{A3A55F5C-2EE6-4ADB-9ACF-18DCE9D4CF5A}.Debug|Any CPU.Build.0 = Debug|Any CPU
		{A3A55F5C-2EE6-4ADB-9ACF-18DCE9D4CF5A}.Release|Any CPU.ActiveCfg = Release|Any CPU
		{A3A55F5C-2EE6-4ADB-9ACF-18DCE9D4CF5A}.Release|Any CPU.Build.0 = Release|Any CPU
		{F0201EB7-D81F-4B7F-92C6-BF889A557F4D}.Debug|Any CPU.ActiveCfg = Debug|Any CPU
		{F0201EB7-D81F-4B7F-92C6-BF889A557F4D}.Debug|Any CPU.Build.0 = Debug|Any CPU
		{F0201EB7-D81F-4B7F-92C6-BF889A557F4D}.Release|Any CPU.ActiveCfg = Release|Any CPU
		{F0201EB7-D81F-4B7F-92C6-BF889A557F4D}.Release|Any CPU.Build.0 = Release|Any CPU
		{4F11D63A-6373-4644-BFC2-B834A2F1C0E9}.Debug|Any CPU.ActiveCfg = Debug|Any CPU
		{4F11D63A-6373-4644-BFC2-B834A2F1C0E9}.Debug|Any CPU.Build.0 = Debug|Any CPU
		{4F11D63A-6373-4644-BFC2-B834A2F1C0E9}.Release|Any CPU.ActiveCfg = Release|Any CPU
		{4F11D63A-6373-4644-BFC2-B834A2F1C0E9}.Release|Any CPU.Build.0 = Release|Any CPU
		{E5260C1E-20B8-4723-881F-8D02C26AB349}.Debug|Any CPU.ActiveCfg = Debug|Any CPU
		{E5260C1E-20B8-4723-881F-8D02C26AB349}.Debug|Any CPU.Build.0 = Debug|Any CPU
		{E5260C1E-20B8-4723-881F-8D02C26AB349}.Release|Any CPU.ActiveCfg = Release|Any CPU
		{E5260C1E-20B8-4723-881F-8D02C26AB349}.Release|Any CPU.Build.0 = Release|Any CPU
		{3C36AFAF-9CC3-4D9B-9EF6-BB764D1EB7AC}.Debug|Any CPU.ActiveCfg = Debug|Any CPU
		{3C36AFAF-9CC3-4D9B-9EF6-BB764D1EB7AC}.Debug|Any CPU.Build.0 = Debug|Any CPU
		{3C36AFAF-9CC3-4D9B-9EF6-BB764D1EB7AC}.Release|Any CPU.ActiveCfg = Release|Any CPU
		{3C36AFAF-9CC3-4D9B-9EF6-BB764D1EB7AC}.Release|Any CPU.Build.0 = Release|Any CPU
		{7C9A66FC-9826-4C75-BB4E-49E3CCF88B71}.Debug|Any CPU.ActiveCfg = Debug|Any CPU
		{7C9A66FC-9826-4C75-BB4E-49E3CCF88B71}.Debug|Any CPU.Build.0 = Debug|Any CPU
		{7C9A66FC-9826-4C75-BB4E-49E3CCF88B71}.Release|Any CPU.ActiveCfg = Release|Any CPU
		{7C9A66FC-9826-4C75-BB4E-49E3CCF88B71}.Release|Any CPU.Build.0 = Release|Any CPU
		{78D2D90B-F9E9-4673-A574-D0BA8229636E}.Debug|Any CPU.ActiveCfg = Debug|Any CPU
		{78D2D90B-F9E9-4673-A574-D0BA8229636E}.Debug|Any CPU.Build.0 = Debug|Any CPU
		{78D2D90B-F9E9-4673-A574-D0BA8229636E}.Release|Any CPU.ActiveCfg = Release|Any CPU
		{78D2D90B-F9E9-4673-A574-D0BA8229636E}.Release|Any CPU.Build.0 = Release|Any CPU
		{EEC57D7F-AACF-4DA7-B67D-6CC2726DF327}.Debug|Any CPU.ActiveCfg = Debug|Any CPU
		{EEC57D7F-AACF-4DA7-B67D-6CC2726DF327}.Debug|Any CPU.Build.0 = Debug|Any CPU
		{EEC57D7F-AACF-4DA7-B67D-6CC2726DF327}.Release|Any CPU.ActiveCfg = Release|Any CPU
		{EEC57D7F-AACF-4DA7-B67D-6CC2726DF327}.Release|Any CPU.Build.0 = Release|Any CPU
		{30C5FCB4-3DF3-43F2-B993-382DCED0F323}.Debug|Any CPU.ActiveCfg = Debug|Any CPU
		{30C5FCB4-3DF3-43F2-B993-382DCED0F323}.Debug|Any CPU.Build.0 = Debug|Any CPU
		{30C5FCB4-3DF3-43F2-B993-382DCED0F323}.Release|Any CPU.ActiveCfg = Release|Any CPU
		{30C5FCB4-3DF3-43F2-B993-382DCED0F323}.Release|Any CPU.Build.0 = Release|Any CPU
		{87ECB9AD-2EBD-4F0A-89E2-08570BE98595}.Debug|Any CPU.ActiveCfg = Debug|Any CPU
		{87ECB9AD-2EBD-4F0A-89E2-08570BE98595}.Debug|Any CPU.Build.0 = Debug|Any CPU
		{87ECB9AD-2EBD-4F0A-89E2-08570BE98595}.Release|Any CPU.ActiveCfg = Release|Any CPU
		{87ECB9AD-2EBD-4F0A-89E2-08570BE98595}.Release|Any CPU.Build.0 = Release|Any CPU
		{B00720F1-B901-4287-ABFD-A490171B44B6}.Debug|Any CPU.ActiveCfg = Debug|Any CPU
		{B00720F1-B901-4287-ABFD-A490171B44B6}.Debug|Any CPU.Build.0 = Debug|Any CPU
		{B00720F1-B901-4287-ABFD-A490171B44B6}.Release|Any CPU.ActiveCfg = Release|Any CPU
		{B00720F1-B901-4287-ABFD-A490171B44B6}.Release|Any CPU.Build.0 = Release|Any CPU
		{8F0B8C26-28F9-4FC5-902B-CA422EBF2FE6}.Debug|Any CPU.ActiveCfg = Debug|Any CPU
		{8F0B8C26-28F9-4FC5-902B-CA422EBF2FE6}.Debug|Any CPU.Build.0 = Debug|Any CPU
		{8F0B8C26-28F9-4FC5-902B-CA422EBF2FE6}.Release|Any CPU.ActiveCfg = Release|Any CPU
		{8F0B8C26-28F9-4FC5-902B-CA422EBF2FE6}.Release|Any CPU.Build.0 = Release|Any CPU
		{4C4DF321-ECE1-401C-8D33-CA6CA26C29D1}.Debug|Any CPU.ActiveCfg = Debug|Any CPU
		{4C4DF321-ECE1-401C-8D33-CA6CA26C29D1}.Debug|Any CPU.Build.0 = Debug|Any CPU
		{4C4DF321-ECE1-401C-8D33-CA6CA26C29D1}.Release|Any CPU.ActiveCfg = Release|Any CPU
		{4C4DF321-ECE1-401C-8D33-CA6CA26C29D1}.Release|Any CPU.Build.0 = Release|Any CPU
		{246E4361-14E2-4399-BFA6-4F943BB12205}.Debug|Any CPU.ActiveCfg = Debug|Any CPU
		{246E4361-14E2-4399-BFA6-4F943BB12205}.Debug|Any CPU.Build.0 = Debug|Any CPU
		{246E4361-14E2-4399-BFA6-4F943BB12205}.Release|Any CPU.ActiveCfg = Release|Any CPU
		{246E4361-14E2-4399-BFA6-4F943BB12205}.Release|Any CPU.Build.0 = Release|Any CPU
		{C399E1AF-BA4F-4BDD-8847-A4BED8592ADF}.Debug|Any CPU.ActiveCfg = Debug|Any CPU
		{C399E1AF-BA4F-4BDD-8847-A4BED8592ADF}.Debug|Any CPU.Build.0 = Debug|Any CPU
		{C399E1AF-BA4F-4BDD-8847-A4BED8592ADF}.Release|Any CPU.ActiveCfg = Release|Any CPU
		{C399E1AF-BA4F-4BDD-8847-A4BED8592ADF}.Release|Any CPU.Build.0 = Release|Any CPU
		{4414346A-92D9-48D0-866C-4F8EA5E478CC}.Debug|Any CPU.ActiveCfg = Debug|Any CPU
		{4414346A-92D9-48D0-866C-4F8EA5E478CC}.Debug|Any CPU.Build.0 = Debug|Any CPU
		{4414346A-92D9-48D0-866C-4F8EA5E478CC}.Release|Any CPU.ActiveCfg = Release|Any CPU
		{4414346A-92D9-48D0-866C-4F8EA5E478CC}.Release|Any CPU.Build.0 = Release|Any CPU
	EndGlobalSection
	GlobalSection(SolutionProperties) = preSolution
		HideSolutionNode = FALSE
	EndGlobalSection
	GlobalSection(NestedProjects) = preSolution
		{47131DA0-88B9-4436-8A41-0F11C0A0BD42} = {02EA681E-C7D8-13C7-8484-4AC65E1B71E8}
		{B8B77959-68AC-405F-BBE6-CCA8056305BA} = {02EA681E-C7D8-13C7-8484-4AC65E1B71E8}
		{A3A55F5C-2EE6-4ADB-9ACF-18DCE9D4CF5A} = {02EA681E-C7D8-13C7-8484-4AC65E1B71E8}
		{F0201EB7-D81F-4B7F-92C6-BF889A557F4D} = {E3AC69E3-396F-4BE9-B2C5-9D22329FE20A}
		{4F11D63A-6373-4644-BFC2-B834A2F1C0E9} = {E3AC69E3-396F-4BE9-B2C5-9D22329FE20A}
		{E5260C1E-20B8-4723-881F-8D02C26AB349} = {E3AC69E3-396F-4BE9-B2C5-9D22329FE20A}
		{3C36AFAF-9CC3-4D9B-9EF6-BB764D1EB7AC} = {46000D59-8E41-49B2-9FAB-2DDBC3E3A661}
		{7C9A66FC-9826-4C75-BB4E-49E3CCF88B71} = {46000D59-8E41-49B2-9FAB-2DDBC3E3A661}
		{78D2D90B-F9E9-4673-A574-D0BA8229636E} = {46000D59-8E41-49B2-9FAB-2DDBC3E3A661}
		{EEC57D7F-AACF-4DA7-B67D-6CC2726DF327} = {B2578D13-E0C8-44C9-AB6E-0D44E0D7FEE7}
		{30C5FCB4-3DF3-43F2-B993-382DCED0F323} = {B2578D13-E0C8-44C9-AB6E-0D44E0D7FEE7}
		{87ECB9AD-2EBD-4F0A-89E2-08570BE98595} = {B2578D13-E0C8-44C9-AB6E-0D44E0D7FEE7}
		{B00720F1-B901-4287-ABFD-A490171B44B6} = {C3003368-D0A9-4A56-8393-C9635754CEFD}
		{8F0B8C26-28F9-4FC5-902B-CA422EBF2FE6} = {C3003368-D0A9-4A56-8393-C9635754CEFD}
		{4C4DF321-ECE1-401C-8D33-CA6CA26C29D1} = {C3003368-D0A9-4A56-8393-C9635754CEFD}
		{246E4361-14E2-4399-BFA6-4F943BB12205} = {41EA5E34-C53E-49EE-9A0F-B34333AD82C3}
		{C399E1AF-BA4F-4BDD-8847-A4BED8592ADF} = {41EA5E34-C53E-49EE-9A0F-B34333AD82C3}
		{4414346A-92D9-48D0-866C-4F8EA5E478CC} = {41EA5E34-C53E-49EE-9A0F-B34333AD82C3}
	EndGlobalSection
	GlobalSection(ExtensibilityGlobals) = postSolution
		SolutionGuid = {EF02F6F4-4C06-4DD2-BD34-E566D904E78D}
	EndGlobalSection
EndGlobal
